
Microsoft Visual Studio Solution File, Format Version 12.00
# Visual Studio Version 17
VisualStudioVersion = 17.11.35327.3
MinimumVisualStudioVersion = 10.0.40219.1
Project("{FAE04EC0-301F-11D3-BF4B-00C04F79EFBC}") = "ConsoleMenus.UI", "ConsoleMenus.UI\ConsoleMenus.UI.csproj", "{850F180C-2B32-4DFE-BB75-98575AF50E41}"
EndProject
Global
	GlobalSection(SolutionConfigurationPlatforms) = preSolution
		Debug|Any CPU = Debug|Any CPU
		Release|Any CPU = Release|Any CPU
	EndGlobalSection
	GlobalSection(ProjectConfigurationPlatforms) = postSolution
		{850F180C-2B32-4DFE-BB75-98575AF50E41}.Debug|Any CPU.ActiveCfg = Debug|Any CPU
		{850F180C-2B32-4DFE-BB75-98575AF50E41}.Debug|Any CPU.Build.0 = Debug|Any CPU
		{850F180C-2B32-4DFE-BB75-98575AF50E41}.Release|Any CPU.ActiveCfg = Release|Any CPU
		{850F180C-2B32-4DFE-BB75-98575AF50E41}.Release|Any CPU.Build.0 = Release|Any CPU
	EndGlobalSection
	GlobalSection(SolutionProperties) = preSolution
		HideSolutionNode = FALSE
	EndGlobalSection
	GlobalSection(ExtensibilityGlobals) = postSolution
		SolutionGuid = {2448CE33-50C3-4606-A26F-C22B8CBA0DBA}
	EndGlobalSection
EndGlobal
